
Microsoft Visual Studio Solution File, Format Version 12.00
# Visual Studio Version 17
VisualStudioVersion = 17.6.33815.320
MinimumVisualStudioVersion = 10.0.40219.1
Project("{9A19103F-16F7-4668-BE54-9A1E7A4F7556}") = "API", "API\API.csproj", "{BA8C1A87-D2BB-4CE7-87F4-35C575C250C2}"
EndProject
Project("{9A19103F-16F7-4668-BE54-9A1E7A4F7556}") = "Core", "Core\Core.csproj", "{97AE5077-D4B3-4FC5-8452-DC65F54ED18F}"
EndProject
Project("{9A19103F-16F7-4668-BE54-9A1E7A4F7556}") = "Infrastructure", "Infrastructure\Infrastructure.csproj", "{E4C576AA-3452-40D5-A957-7A0EB823A210}"
EndProject
Project("{FAE04EC0-301F-11D3-BF4B-00C04F79EFBC}") = "Tests", "Tests\Tests.csproj", "{21474B63-A5A1-4CB6-AB6E-33667C965EFF}"
EndProject
Global
	GlobalSection(SolutionConfigurationPlatforms) = preSolution
		Debug|Any CPU = Debug|Any CPU
		Release|Any CPU = Release|Any CPU
	EndGlobalSection
	GlobalSection(ProjectConfigurationPlatforms) = postSolution
		{BA8C1A87-D2BB-4CE7-87F4-35C575C250C2}.Debug|Any CPU.ActiveCfg = Debug|Any CPU
		{BA8C1A87-D2BB-4CE7-87F4-35C575C250C2}.Debug|Any CPU.Build.0 = Debug|Any CPU
		{BA8C1A87-D2BB-4CE7-87F4-35C575C250C2}.Release|Any CPU.ActiveCfg = Release|Any CPU
		{BA8C1A87-D2BB-4CE7-87F4-35C575C250C2}.Release|Any CPU.Build.0 = Release|Any CPU
		{97AE5077-D4B3-4FC5-8452-DC65F54ED18F}.Debug|Any CPU.ActiveCfg = Debug|Any CPU
		{97AE5077-D4B3-4FC5-8452-DC65F54ED18F}.Debug|Any CPU.Build.0 = Debug|Any CPU
		{97AE5077-D4B3-4FC5-8452-DC65F54ED18F}.Release|Any CPU.ActiveCfg = Release|Any CPU
		{97AE5077-D4B3-4FC5-8452-DC65F54ED18F}.Release|Any CPU.Build.0 = Release|Any CPU
		{E4C576AA-3452-40D5-A957-7A0EB823A210}.Debug|Any CPU.ActiveCfg = Debug|Any CPU
		{E4C576AA-3452-40D5-A957-7A0EB823A210}.Debug|Any CPU.Build.0 = Debug|Any CPU
		{E4C576AA-3452-40D5-A957-7A0EB823A210}.Release|Any CPU.ActiveCfg = Release|Any CPU
		{E4C576AA-3452-40D5-A957-7A0EB823A210}.Release|Any CPU.Build.0 = Release|Any CPU
		{21474B63-A5A1-4CB6-AB6E-33667C965EFF}.Debug|Any CPU.ActiveCfg = Debug|Any CPU
		{21474B63-A5A1-4CB6-AB6E-33667C965EFF}.Debug|Any CPU.Build.0 = Debug|Any CPU
		{21474B63-A5A1-4CB6-AB6E-33667C965EFF}.Release|Any CPU.ActiveCfg = Release|Any CPU
		{21474B63-A5A1-4CB6-AB6E-33667C965EFF}.Release|Any CPU.Build.0 = Release|Any CPU
	EndGlobalSection
	GlobalSection(SolutionProperties) = preSolution
		HideSolutionNode = FALSE
	EndGlobalSection
	GlobalSection(ExtensibilityGlobals) = postSolution
		SolutionGuid = {93C75026-48F7-4686-9DAD-3B29730D98DC}
	EndGlobalSection
EndGlobal
